
Microsoft Visual Studio Solution File, Format Version 12.00
# Visual Studio Version 17
VisualStudioVersion = 17.14.36603.0 d17.14
MinimumVisualStudioVersion = 10.0.40219.1
Project("{8BC9CEB8-8B4A-11D0-8D11-00A0C91BC942}") = "Fiber", "Fiber\Fiber.vcxproj", "{A133213E-B9E2-43AA-80B4-FFAD2D162BAB}"
EndProject
Global
	GlobalSection(SolutionConfigurationPlatforms) = preSolution
		Debug|x64 = Debug|x64
		Debug|x86 = Debug|x86
		Release|x64 = Release|x64
		Release|x86 = Release|x86
	EndGlobalSection
	GlobalSection(ProjectConfigurationPlatforms) = postSolution
		{A133213E-B9E2-43AA-80B4-FFAD2D162BAB}.Debug|x64.ActiveCfg = Debug|x64
		{A133213E-B9E2-43AA-80B4-FFAD2D162BAB}.Debug|x64.Build.0 = Debug|x64
		{A133213E-B9E2-43AA-80B4-FFAD2D162BAB}.Debug|x86.ActiveCfg = Debug|Win32
		{A133213E-B9E2-43AA-80B4-FFAD2D162BAB}.Debug|x86.Build.0 = Debug|Win32
		{A133213E-B9E2-43AA-80B4-FFAD2D162BAB}.Release|x64.ActiveCfg = Release|x64
		{A133213E-B9E2-43AA-80B4-FFAD2D162BAB}.Release|x64.Build.0 = Release|x64
		{A133213E-B9E2-43AA-80B4-FFAD2D162BAB}.Release|x86.ActiveCfg = Release|Win32
		{A133213E-B9E2-43AA-80B4-FFAD2D162BAB}.Release|x86.Build.0 = Release|Win32
	EndGlobalSection
	GlobalSection(SolutionProperties) = preSolution
		HideSolutionNode = FALSE
	EndGlobalSection
	GlobalSection(ExtensibilityGlobals) = postSolution
		SolutionGuid = {E9003AF3-562C-4428-8BA4-C199026EE572}
	EndGlobalSection
EndGlobal
